
Microsoft Visual Studio Solution File, Format Version 12.00
# Visual Studio 15
VisualStudioVersion = 15.0.28307.168
MinimumVisualStudioVersion = 10.0.40219.1
Project("{FAE04EC0-301F-11D3-BF4B-00C04F79EFBC}") = "Art.IdentityServer", "Art.IdentityServer\Art.IdentityServer.csproj", "{101789BD-D3E7-4B67-A309-EE8BEBEEDA8E}"
EndProject
Global
	GlobalSection(SolutionConfigurationPlatforms) = preSolution
		Debug|Any CPU = Debug|Any CPU
		Release|Any CPU = Release|Any CPU
	EndGlobalSection
	GlobalSection(ProjectConfigurationPlatforms) = postSolution
		{101789BD-D3E7-4B67-A309-EE8BEBEEDA8E}.Debug|Any CPU.ActiveCfg = Debug|Any CPU
		{101789BD-D3E7-4B67-A309-EE8BEBEEDA8E}.Debug|Any CPU.Build.0 = Debug|Any CPU
		{101789BD-D3E7-4B67-A309-EE8BEBEEDA8E}.Release|Any CPU.ActiveCfg = Release|Any CPU
		{101789BD-D3E7-4B67-A309-EE8BEBEEDA8E}.Release|Any CPU.Build.0 = Release|Any CPU
	EndGlobalSection
	GlobalSection(SolutionProperties) = preSolution
		HideSolutionNode = FALSE
	EndGlobalSection
	GlobalSection(ExtensibilityGlobals) = postSolution
		SolutionGuid = {D4B815C6-1AC7-4443-9C32-A9D623CC4907}
	EndGlobalSection
EndGlobal
